// !$*UTF8*$!
{
	archiveVersion = 1;
	classes = {
	};
	objectVersion = 51;
	objects = {

/* Begin PBXBuildFile section */
		00883C1D612499057BE3E9AC /* Pods_Swift5IntroApp.framework in Frameworks */ = {isa = PBXBuildFile; fileRef = 1E6E6450D6D5D250B814348B /* Pods_Swift5IntroApp.framework */; };
		E94CB0AE24E81EEB00FB3577 /* AppDelegate.swift in Sources */ = {isa = PBXBuildFile; fileRef = E94CB0AD24E81EEB00FB3577 /* AppDelegate.swift */; };
		E94CB0B024E81EEB00FB3577 /* SceneDelegate.swift in Sources */ = {isa = PBXBuildFile; fileRef = E94CB0AF24E81EEB00FB3577 /* SceneDelegate.swift */; };
		E94CB0B524E81EEB00FB3577 /* Main.storyboard in Resources */ = {isa = PBXBuildFile; fileRef = E94CB0B324E81EEB00FB3577 /* Main.storyboard */; };
		E94CB0B724E81EEE00FB3577 /* Assets.xcassets in Resources */ = {isa = PBXBuildFile; fileRef = E94CB0B624E81EEE00FB3577 /* Assets.xcassets */; };
		E94CB0BA24E81EEE00FB3577 /* LaunchScreen.storyboard in Resources */ = {isa = PBXBuildFile; fileRef = E94CB0B824E81EEE00FB3577 /* LaunchScreen.storyboard */; };
		E94CB0C524E8247C00FB3577 /* 1.json in Resources */ = {isa = PBXBuildFile; fileRef = E94CB0C424E8247C00FB3577 /* 1.json */; };
		E94CB0C724E8249B00FB3577 /* 2.json in Resources */ = {isa = PBXBuildFile; fileRef = E94CB0C624E8249B00FB3577 /* 2.json */; };
		E94CB0C924E824A100FB3577 /* 3.json in Resources */ = {isa = PBXBuildFile; fileRef = E94CB0C824E824A100FB3577 /* 3.json */; };
		E94CB0CB24E824A800FB3577 /* 4.json in Resources */ = {isa = PBXBuildFile; fileRef = E94CB0CA24E824A800FB3577 /* 4.json */; };
		E94CB0CD24E824B000FB3577 /* 5.json in Resources */ = {isa = PBXBuildFile; fileRef = E94CB0CC24E824B000FB3577 /* 5.json */; };
		E94CB0D124E8253B00FB3577 /* IntroViewController.swift in Sources */ = {isa = PBXBuildFile; fileRef = E94CB0D024E8253B00FB3577 /* IntroViewController.swift */; };
		E98E1AF024EDCF7E0086718B /* BaseViewController.swift in Sources */ = {isa = PBXBuildFile; fileRef = E98E1AEF24EDCF7E0086718B /* BaseViewController.swift */; };
		E9CE3A0824EC86B700D5CB89 /* LoginMovieViewController.swift in Sources */ = {isa = PBXBuildFile; fileRef = E9CE3A0724EC86B700D5CB89 /* LoginMovieViewController.swift */; };
		E9E159B924EF24A00093FE47 /* Page1ViewController.swift in Sources */ = {isa = PBXBuildFile; fileRef = E9E159B824EF24A00093FE47 /* Page1ViewController.swift */; };
/* End PBXBuildFile section */

/* Begin PBXFileReference section */
		1E6E6450D6D5D250B814348B /* Pods_Swift5IntroApp.framework */ = {isa = PBXFileReference; explicitFileType = wrapper.framework; includeInIndex = 0; path = Pods_Swift5IntroApp.framework; sourceTree = BUILT_PRODUCTS_DIR; };
		AD65248911EBCCFA358B7ADC /* Pods-Swift5IntroApp.release.xcconfig */ = {isa = PBXFileReference; includeInIndex = 1; lastKnownFileType = text.xcconfig; name = "Pods-Swift5IntroApp.release.xcconfig"; path = "Target Support Files/Pods-Swift5IntroApp/Pods-Swift5IntroApp.release.xcconfig"; sourceTree = "<group>"; };
		B74A17F3E1320AD7169D6462 /* Pods-Swift5IntroApp.debug.xcconfig */ = {isa = PBXFileReference; includeInIndex = 1; lastKnownFileType = text.xcconfig; name = "Pods-Swift5IntroApp.debug.xcconfig"; path = "Target Support Files/Pods-Swift5IntroApp/Pods-Swift5IntroApp.debug.xcconfig"; sourceTree = "<group>"; };
		E94CB0AA24E81EEB00FB3577 /* Swift5IntroApp.app */ = {isa = PBXFileReference; explicitFileType = wrapper.application; includeInIndex = 0; path = Swift5IntroApp.app; sourceTree = BUILT_PRODUCTS_DIR; };
		E94CB0AD24E81EEB00FB3577 /* AppDelegate.swift */ = {isa = PBXFileReference; lastKnownFileType = sourcecode.swift; path = AppDelegate.swift; sourceTree = "<group>"; };
		E94CB0AF24E81EEB00FB3577 /* SceneDelegate.swift */ = {isa = PBXFileReference; lastKnownFileType = sourcecode.swift; path = SceneDelegate.swift; sourceTree = "<group>"; };
		E94CB0B424E81EEB00FB3577 /* Base */ = {isa = PBXFileReference; lastKnownFileType = file.storyboard; name = Base; path = Base.lproj/Main.storyboard; sourceTree = "<group>"; };
		E94CB0B624E81EEE00FB3577 /* Assets.xcassets */ = {isa = PBXFileReference; lastKnownFileType = folder.assetcatalog; path = Assets.xcassets; sourceTree = "<group>"; };
		E94CB0B924E81EEE00FB3577 /* Base */ = {isa = PBXFileReference; lastKnownFileType = file.storyboard; name = Base; path = Base.lproj/LaunchScreen.storyboard; sourceTree = "<group>"; };
		E94CB0BB24E81EEE00FB3577 /* Info.plist */ = {isa = PBXFileReference; lastKnownFileType = text.plist.xml; path = Info.plist; sourceTree = "<group>"; };
		E94CB0C424E8247C00FB3577 /* 1.json */ = {isa = PBXFileReference; fileEncoding = 4; lastKnownFileType = text.json; path = 1.json; sourceTree = "<group>"; };
		E94CB0C624E8249B00FB3577 /* 2.json */ = {isa = PBXFileReference; fileEncoding = 4; lastKnownFileType = text.json; path = 2.json; sourceTree = "<group>"; };
		E94CB0C824E824A100FB3577 /* 3.json */ = {isa = PBXFileReference; fileEncoding = 4; lastKnownFileType = text.json; path = 3.json; sourceTree = "<group>"; };
		E94CB0CA24E824A800FB3577 /* 4.json */ = {isa = PBXFileReference; fileEncoding = 4; lastKnownFileType = text.json; path = 4.json; sourceTree = "<group>"; };
		E94CB0CC24E824B000FB3577 /* 5.json */ = {isa = PBXFileReference; fileEncoding = 4; lastKnownFileType = text.json; path = 5.json; sourceTree = "<group>"; };
		E94CB0D024E8253B00FB3577 /* IntroViewController.swift */ = {isa = PBXFileReference; lastKnownFileType = sourcecode.swift; path = IntroViewController.swift; sourceTree = "<group>"; };
		E98E1AEF24EDCF7E0086718B /* BaseViewController.swift */ = {isa = PBXFileReference; lastKnownFileType = sourcecode.swift; path = BaseViewController.swift; sourceTree = "<group>"; };
		E9CE3A0724EC86B700D5CB89 /* LoginMovieViewController.swift */ = {isa = PBXFileReference; lastKnownFileType = sourcecode.swift; path = LoginMovieViewController.swift; sourceTree = "<group>"; };
		E9E159B824EF24A00093FE47 /* Page1ViewController.swift */ = {isa = PBXFileReference; lastKnownFileType = sourcecode.swift; path = Page1ViewController.swift; sourceTree = "<group>"; };
/* End PBXFileReference section */

/* Begin PBXFrameworksBuildPhase section */
		E94CB0A724E81EEB00FB3577 /* Frameworks */ = {
			isa = PBXFrameworksBuildPhase;
			buildActionMask = 2147483647;
			files = (
				00883C1D612499057BE3E9AC /* Pods_Swift5IntroApp.framework in Frameworks */,
			);
			runOnlyForDeploymentPostprocessing = 0;
		};
/* End PBXFrameworksBuildPhase section */

/* Begin PBXGroup section */
		3EEB33634157FE2810C30CDF /* Frameworks */ = {
			isa = PBXGroup;
			children = (
				1E6E6450D6D5D250B814348B /* Pods_Swift5IntroApp.framework */,
			);
			name = Frameworks;
			sourceTree = "<group>";
		};
		C0A2DB594307817A4DCA6EB1 /* Pods */ = {
			isa = PBXGroup;
			children = (
				B74A17F3E1320AD7169D6462 /* Pods-Swift5IntroApp.debug.xcconfig */,
				AD65248911EBCCFA358B7ADC /* Pods-Swift5IntroApp.release.xcconfig */,
			);
			path = Pods;
			sourceTree = "<group>";
		};
		E94CB0A124E81EEB00FB3577 = {
			isa = PBXGroup;
			children = (
				E94CB0AC24E81EEB00FB3577 /* Swift5IntroApp */,
				E94CB0AB24E81EEB00FB3577 /* Products */,
				C0A2DB594307817A4DCA6EB1 /* Pods */,
				3EEB33634157FE2810C30CDF /* Frameworks */,
			);
			sourceTree = "<group>";
		};
		E94CB0AB24E81EEB00FB3577 /* Products */ = {
			isa = PBXGroup;
			children = (
				E94CB0AA24E81EEB00FB3577 /* Swift5IntroApp.app */,
			);
			name = Products;
			sourceTree = "<group>";
		};
		E94CB0AC24E81EEB00FB3577 /* Swift5IntroApp */ = {
			isa = PBXGroup;
			children = (
				E94CB0C124E8212700FB3577 /* Model */,
				E94CB0C224E8214700FB3577 /* View */,
				E94CB0C324E8214E00FB3577 /* Controller */,
				E94CB0BB24E81EEE00FB3577 /* Info.plist */,
				E94CB0C424E8247C00FB3577 /* 1.json */,
				E94CB0C624E8249B00FB3577 /* 2.json */,
				E94CB0C824E824A100FB3577 /* 3.json */,
				E94CB0CA24E824A800FB3577 /* 4.json */,
				E94CB0CC24E824B000FB3577 /* 5.json */,
			);
			path = Swift5IntroApp;
			sourceTree = "<group>";
		};
		E94CB0C124E8212700FB3577 /* Model */ = {
			isa = PBXGroup;
			children = (
			);
			path = Model;
			sourceTree = "<group>";
		};
		E94CB0C224E8214700FB3577 /* View */ = {
			isa = PBXGroup;
			children = (
				E94CB0B324E81EEB00FB3577 /* Main.storyboard */,
				E94CB0B624E81EEE00FB3577 /* Assets.xcassets */,
				E94CB0B824E81EEE00FB3577 /* LaunchScreen.storyboard */,
			);
			path = View;
			sourceTree = "<group>";
		};
		E94CB0C324E8214E00FB3577 /* Controller */ = {
			isa = PBXGroup;
			children = (
				E94CB0AD24E81EEB00FB3577 /* AppDelegate.swift */,
				E94CB0AF24E81EEB00FB3577 /* SceneDelegate.swift */,
				E94CB0D024E8253B00FB3577 /* IntroViewController.swift */,
				E9CE3A0724EC86B700D5CB89 /* LoginMovieViewController.swift */,
				E98E1AEF24EDCF7E0086718B /* BaseViewController.swift */,
				E9E159B824EF24A00093FE47 /* Page1ViewController.swift */,
			);
			path = Controller;
			sourceTree = "<group>";
		};
/* End PBXGroup section */

/* Begin PBXNativeTarget section */
		E94CB0A924E81EEB00FB3577 /* Swift5IntroApp */ = {
			isa = PBXNativeTarget;
			buildConfigurationList = E94CB0BE24E81EEE00FB3577 /* Build configuration list for PBXNativeTarget "Swift5IntroApp" */;
			buildPhases = (
				1A51F42DD3B9F4BFA33A0883 /* [CP] Check Pods Manifest.lock */,
				E94CB0A624E81EEB00FB3577 /* Sources */,
				E94CB0A724E81EEB00FB3577 /* Frameworks */,
				E94CB0A824E81EEB00FB3577 /* Resources */,
				0FDF019AAEB92FEEB13EF4FE /* [CP] Embed Pods Frameworks */,
			);
			buildRules = (
			);
			dependencies = (
			);
			name = Swift5IntroApp;
			productName = Swift5IntroApp;
			productReference = E94CB0AA24E81EEB00FB3577 /* Swift5IntroApp.app */;
			productType = "com.apple.product-type.application";
		};
/* End PBXNativeTarget section */

/* Begin PBXProject section */
		E94CB0A224E81EEB00FB3577 /* Project object */ = {
			isa = PBXProject;
			attributes = {
				LastSwiftUpdateCheck = 1150;
				LastUpgradeCheck = 1150;
				ORGANIZATIONNAME = "Akira Noguchi";
				TargetAttributes = {
					E94CB0A924E81EEB00FB3577 = {
						CreatedOnToolsVersion = 11.5;
					};
				};
			};
			buildConfigurationList = E94CB0A524E81EEB00FB3577 /* Build configuration list for PBXProject "Swift5IntroApp" */;
			compatibilityVersion = "Xcode 9.3";
			developmentRegion = en;
			hasScannedForEncodings = 0;
			knownRegions = (
				en,
				Base,
			);
			mainGroup = E94CB0A124E81EEB00FB3577;
			productRefGroup = E94CB0AB24E81EEB00FB3577 /* Products */;
			projectDirPath = "";
			projectRoot = "";
			targets = (
				E94CB0A924E81EEB00FB3577 /* Swift5IntroApp */,
			);
		};
/* End PBXProject section */

/* Begin PBXResourcesBuildPhase section */
		E94CB0A824E81EEB00FB3577 /* Resources */ = {
			isa = PBXResourcesBuildPhase;
			buildActionMask = 2147483647;
			files = (
				E94CB0C724E8249B00FB3577 /* 2.json in Resources */,
				E94CB0BA24E81EEE00FB3577 /* LaunchScreen.storyboard in Resources */,
				E94CB0CB24E824A800FB3577 /* 4.json in Resources */,
				E94CB0CD24E824B000FB3577 /* 5.json in Resources */,
				E94CB0B724E81EEE00FB3577 /* Assets.xcassets in Resources */,
				E94CB0C924E824A100FB3577 /* 3.json in Resources */,
				E94CB0B524E81EEB00FB3577 /* Main.storyboard in Resources */,
				E94CB0C524E8247C00FB3577 /* 1.json in Resources */,
			);
			runOnlyForDeploymentPostprocessing = 0;
		};
/* End PBXResourcesBuildPhase section */

/* Begin PBXShellScriptBuildPhase section */
		0FDF019AAEB92FEEB13EF4FE /* [CP] Embed Pods Frameworks */ = {
			isa = PBXShellScriptBuildPhase;
			buildActionMask = 2147483647;
			files = (
			);
			inputFileListPaths = (
				"${PODS_ROOT}/Target Support Files/Pods-Swift5IntroApp/Pods-Swift5IntroApp-frameworks-${CONFIGURATION}-input-files.xcfilelist",
			);
			name = "[CP] Embed Pods Frameworks";
			outputFileListPaths = (
				"${PODS_ROOT}/Target Support Files/Pods-Swift5IntroApp/Pods-Swift5IntroApp-frameworks-${CONFIGURATION}-output-files.xcfilelist",
			);
			runOnlyForDeploymentPostprocessing = 0;
			shellPath = /bin/sh;
			shellScript = "\"${PODS_ROOT}/Target Support Files/Pods-Swift5IntroApp/Pods-Swift5IntroApp-frameworks.sh\"\n";
			showEnvVarsInLog = 0;
		};
		1A51F42DD3B9F4BFA33A0883 /* [CP] Check Pods Manifest.lock */ = {
			isa = PBXShellScriptBuildPhase;
			buildActionMask = 2147483647;
			files = (
			);
			inputFileListPaths = (
			);
			inputPaths = (
				"${PODS_PODFILE_DIR_PATH}/Podfile.lock",
				"${PODS_ROOT}/Manifest.lock",
			);
			name = "[CP] Check Pods Manifest.lock";
			outputFileListPaths = (
			);
			outputPaths = (
				"$(DERIVED_FILE_DIR)/Pods-Swift5IntroApp-checkManifestLockResult.txt",
			);
			runOnlyForDeploymentPostprocessing = 0;
			shellPath = /bin/sh;
			shellScript = "diff \"${PODS_PODFILE_DIR_PATH}/Podfile.lock\" \"${PODS_ROOT}/Manifest.lock\" > /dev/null\nif [ $? != 0 ] ; then\n    # print error to STDERR\n    echo \"error: The sandbox is not in sync with the Podfile.lock. Run 'pod install' or update your CocoaPods installation.\" >&2\n    exit 1\nfi\n# This output is used by Xcode 'outputs' to avoid re-running this script phase.\necho \"SUCCESS\" > \"${SCRIPT_OUTPUT_FILE_0}\"\n";
			showEnvVarsInLog = 0;
		};
/* End PBXShellScriptBuildPhase section */

/* Begin PBXSourcesBuildPhase section */
		E94CB0A624E81EEB00FB3577 /* Sources */ = {
			isa = PBXSourcesBuildPhase;
			buildActionMask = 2147483647;
			files = (
				E98E1AF024EDCF7E0086718B /* BaseViewController.swift in Sources */,
				E94CB0D124E8253B00FB3577 /* IntroViewController.swift in Sources */,
				E9CE3A0824EC86B700D5CB89 /* LoginMovieViewController.swift in Sources */,
				E9E159B924EF24A00093FE47 /* Page1ViewController.swift in Sources */,
				E94CB0AE24E81EEB00FB3577 /* AppDelegate.swift in Sources */,
				E94CB0B024E81EEB00FB3577 /* SceneDelegate.swift in Sources */,
			);
			runOnlyForDeploymentPostprocessing = 0;
		};
/* End PBXSourcesBuildPhase section */

/* Begin PBXVariantGroup section */
		E94CB0B324E81EEB00FB3577 /* Main.storyboard */ = {
			isa = PBXVariantGroup;
			children = (
				E94CB0B424E81EEB00FB3577 /* Base */,
			);
			name = Main.storyboard;
			sourceTree = "<group>";
		};
		E94CB0B824E81EEE00FB3577 /* LaunchScreen.storyboard */ = {
			isa = PBXVariantGroup;
			children = (
				E94CB0B924E81EEE00FB3577 /* Base */,
			);
			name = LaunchScreen.storyboard;
			sourceTree = "<group>";
		};
/* End PBXVariantGroup section */

/* Begin XCBuildConfiguration section */
		E94CB0BC24E81EEE00FB3577 /* Debug */ = {
			isa = XCBuildConfiguration;
			buildSettings = {
				ALWAYS_SEARCH_USER_PATHS = NO;
				CLANG_ANALYZER_NONNULL = YES;
				CLANG_ANALYZER_NUMBER_OBJECT_CONVERSION = YES_AGGRESSIVE;
				CLANG_CXX_LANGUAGE_STANDARD = "gnu++14";
				CLANG_CXX_LIBRARY = "libc++";
				CLANG_ENABLE_MODULES = YES;
				CLANG_ENABLE_OBJC_ARC = YES;
				CLANG_ENABLE_OBJC_WEAK = YES;
				CLANG_WARN_BLOCK_CAPTURE_AUTORELEASING = YES;
				CLANG_WARN_BOOL_CONVERSION = YES;
				CLANG_WARN_COMMA = YES;
				CLANG_WARN_CONSTANT_CONVERSION = YES;
				CLANG_WARN_DEPRECATED_OBJC_IMPLEMENTATIONS = YES;
				CLANG_WARN_DIRECT_OBJC_ISA_USAGE = YES_ERROR;
				CLANG_WARN_DOCUMENTATION_COMMENTS = YES;
				CLANG_WARN_EMPTY_BODY = YES;
				CLANG_WARN_ENUM_CONVERSION = YES;
				CLANG_WARN_INFINITE_RECURSION = YES;
				CLANG_WARN_INT_CONVERSION = YES;
				CLANG_WARN_NON_LITERAL_NULL_CONVERSION = YES;
				CLANG_WARN_OBJC_IMPLICIT_RETAIN_SELF = YES;
				CLANG_WARN_OBJC_LITERAL_CONVERSION = YES;
				CLANG_WARN_OBJC_ROOT_CLASS = YES_ERROR;
				CLANG_WARN_RANGE_LOOP_ANALYSIS = YES;
				CLANG_WARN_STRICT_PROTOTYPES = YES;
				CLANG_WARN_SUSPICIOUS_MOVE = YES;
				CLANG_WARN_UNGUARDED_AVAILABILITY = YES_AGGRESSIVE;
				CLANG_WARN_UNREACHABLE_CODE = YES;
				CLANG_WARN__DUPLICATE_METHOD_MATCH = YES;
				COPY_PHASE_STRIP = NO;
				DEBUG_INFORMATION_FORMAT = dwarf;
				ENABLE_STRICT_OBJC_MSGSEND = YES;
				ENABLE_TESTABILITY = YES;
				GCC_C_LANGUAGE_STANDARD = gnu11;
				GCC_DYNAMIC_NO_PIC = NO;
				GCC_NO_COMMON_BLOCKS = YES;
				GCC_OPTIMIZATION_LEVEL = 0;
				GCC_PREPROCESSOR_DEFINITIONS = (
					"DEBUG=1",
					"$(inherited)",
				);
				GCC_WARN_64_TO_32_BIT_CONVERSION = YES;
				GCC_WARN_ABOUT_RETURN_TYPE = YES_ERROR;
				GCC_WARN_UNDECLARED_SELECTOR = YES;
				GCC_WARN_UNINITIALIZED_AUTOS = YES_AGGRESSIVE;
				GCC_WARN_UNUSED_FUNCTION = YES;
				GCC_WARN_UNUSED_VARIABLE = YES;
				IPHONEOS_DEPLOYMENT_TARGET = 13.5;
				MTL_ENABLE_DEBUG_INFO = INCLUDE_SOURCE;
				MTL_FAST_MATH = YES;
				ONLY_ACTIVE_ARCH = YES;
				SDKROOT = iphoneos;
				SWIFT_ACTIVE_COMPILATION_CONDITIONS = DEBUG;
				SWIFT_OPTIMIZATION_LEVEL = "-Onone";
			};
			name = Debug;
		};
		E94CB0BD24E81EEE00FB3577 /* Release */ = {
			isa = XCBuildConfiguration;
			buildSettings = {
				ALWAYS_SEARCH_USER_PATHS = NO;
				CLANG_ANALYZER_NONNULL = YES;
				CLANG_ANALYZER_NUMBER_OBJECT_CONVERSION = YES_AGGRESSIVE;
				CLANG_CXX_LANGUAGE_STANDARD = "gnu++14";
				CLANG_CXX_LIBRARY = "libc++";
				CLANG_ENABLE_MODULES = YES;
				CLANG_ENABLE_OBJC_ARC = YES;
				CLANG_ENABLE_OBJC_WEAK = YES;
				CLANG_WARN_BLOCK_CAPTURE_AUTORELEASING = YES;
				CLANG_WARN_BOOL_CONVERSION = YES;
				CLANG_WARN_COMMA = YES;
				CLANG_WARN_CONSTANT_CONVERSION = YES;
				CLANG_WARN_DEPRECATED_OBJC_IMPLEMENTATIONS = YES;
				CLANG_WARN_DIRECT_OBJC_ISA_USAGE = YES_ERROR;
				CLANG_WARN_DOCUMENTATION_COMMENTS = YES;
				CLANG_WARN_EMPTY_BODY = YES;
				CLANG_WARN_ENUM_CONVERSION = YES;
				CLANG_WARN_INFINITE_RECURSION = YES;
				CLANG_WARN_INT_CONVERSION = YES;
				CLANG_WARN_NON_LITERAL_NULL_CONVERSION = YES;
				CLANG_WARN_OBJC_IMPLICIT_RETAIN_SELF = YES;
				CLANG_WARN_OBJC_LITERAL_CONVERSION = YES;
				CLANG_WARN_OBJC_ROOT_CLASS = YES_ERROR;
				CLANG_WARN_RANGE_LOOP_ANALYSIS = YES;
				CLANG_WARN_STRICT_PROTOTYPES = YES;
				CLANG_WARN_SUSPICIOUS_MOVE = YES;
				CLANG_WARN_UNGUARDED_AVAILABILITY = YES_AGGRESSIVE;
				CLANG_WARN_UNREACHABLE_CODE = YES;
				CLANG_WARN__DUPLICATE_METHOD_MATCH = YES;
				COPY_PHASE_STRIP = NO;
				DEBUG_INFORMATION_FORMAT = "dwarf-with-dsym";
				ENABLE_NS_ASSERTIONS = NO;
				ENABLE_STRICT_OBJC_MSGSEND = YES;
				GCC_C_LANGUAGE_STANDARD = gnu11;
				GCC_NO_COMMON_BLOCKS = YES;
				GCC_WARN_64_TO_32_BIT_CONVERSION = YES;
				GCC_WARN_ABOUT_RETURN_TYPE = YES_ERROR;
				GCC_WARN_UNDECLARED_SELECTOR = YES;
				GCC_WARN_UNINITIALIZED_AUTOS = YES_AGGRESSIVE;
				GCC_WARN_UNUSED_FUNCTION = YES;
				GCC_WARN_UNUSED_VARIABLE = YES;
				IPHONEOS_DEPLOYMENT_TARGET = 13.5;
				MTL_ENABLE_DEBUG_INFO = NO;
				MTL_FAST_MATH = YES;
				SDKROOT = iphoneos;
				SWIFT_COMPILATION_MODE = wholemodule;
				SWIFT_OPTIMIZATION_LEVEL = "-O";
				VALIDATE_PRODUCT = YES;
			};
			name = Release;
		};
		E94CB0BF24E81EEE00FB3577 /* Debug */ = {
			isa = XCBuildConfiguration;
			baseConfigurationReference = B74A17F3E1320AD7169D6462 /* Pods-Swift5IntroApp.debug.xcconfig */;
			buildSettings = {
				ASSETCATALOG_COMPILER_APPICON_NAME = AppIcon;
				CODE_SIGN_STYLE = Automatic;
				INFOPLIST_FILE = Swift5IntroApp/Info.plist;
				LD_RUNPATH_SEARCH_PATHS = (
					"$(inherited)",
					"@executable_path/Frameworks",
				);
				PRODUCT_BUNDLE_IDENTIFIER = com.swiftapp.Swift5IntroApp;
				PRODUCT_NAME = "$(TARGET_NAME)";
				SWIFT_VERSION = 5.0;
				TARGETED_DEVICE_FAMILY = "1,2";
			};
			name = Debug;
		};
		E94CB0C024E81EEE00FB3577 /* Release */ = {
			isa = XCBuildConfiguration;
			baseConfigurationReference = AD65248911EBCCFA358B7ADC /* Pods-Swift5IntroApp.release.xcconfig */;
			buildSettings = {
				ASSETCATALOG_COMPILER_APPICON_NAME = AppIcon;
				CODE_SIGN_STYLE = Automatic;
				INFOPLIST_FILE = Swift5IntroApp/Info.plist;
				LD_RUNPATH_SEARCH_PATHS = (
					"$(inherited)",
					"@executable_path/Frameworks",
				);
				PRODUCT_BUNDLE_IDENTIFIER = com.swiftapp.Swift5IntroApp;
				PRODUCT_NAME = "$(TARGET_NAME)";
				SWIFT_VERSION = 5.0;
				TARGETED_DEVICE_FAMILY = "1,2";
			};
			name = Release;
		};
/* End XCBuildConfiguration section */

/* Begin XCConfigurationList section */
		E94CB0A524E81EEB00FB3577 /* Build configuration list for PBXProject "Swift5IntroApp" */ = {
			isa = XCConfigurationList;
			buildConfigurations = (
				E94CB0BC24E81EEE00FB3577 /* Debug */,
				E94CB0BD24E81EEE00FB3577 /* Release */,
			);
			defaultConfigurationIsVisible = 0;
			defaultConfigurationName = Release;
		};
		E94CB0BE24E81EEE00FB3577 /* Build configuration list for PBXNativeTarget "Swift5IntroApp" */ = {
			isa = XCConfigurationList;
			buildConfigurations = (
				E94CB0BF24E81EEE00FB3577 /* Debug */,
				E94CB0C024E81EEE00FB3577 /* Release */,
			);
			defaultConfigurationIsVisible = 0;
			defaultConfigurationName = Release;
		};
/* End XCConfigurationList section */
	};
	rootObject = E94CB0A224E81EEB00FB3577 /* Project object */;
}
